<Solution>
  <Folder Name="/Misc/">
    <File Path=".gitignore" />
    <File Path="LICENSE" />
    <File Path="README.md" />
    <File Path="src/Directory.Build.props" />
    <File Path="src/Directory.Build.targets" />
    <File Path="src/Packaging.props" />
    <File Path="src/Testing.props" />
    <File Path="src/Testing.targets" />
  </Folder>
  <Folder Name="/Misc/docs/">
    <File Path="docs/css/extra.css" />
    <File Path="docs/index.md" />
    <File Path="docs/media/icon128.png" />
    <File Path="mkdocs.yml" />
  </Folder>
  <Folder Name="/Misc/workflows/">
    <File Path=".github/dependabot.yml" />
    <File Path=".github/workflows/auto-format.yml" />
    <File Path=".github/workflows/auto-labeling.yml" />
    <File Path=".github/workflows/auto-merge.yml" />
    <File Path=".github/workflows/dotnet.yml" />
    <File Path=".github/workflows/mkdocs.yml" />
    <File Path=".github/workflows/pull-request.yml" />
  </Folder>
  <Folder Name="/Providers/">
    <File Path="src/Directory.Build.props" />
  </Folder>
  <Folder Name="/Providers/Abstractions/">
    <File Path="src/Abstractions/README.md" />
    <Project Path="src/Abstractions/src/LangChain.Providers.Abstractions.csproj" />
  </Folder>
  <Folder Name="/Providers/Amazon/" />
  <Folder Name="/Providers/Amazon/Bedrock/">
    <File Path="src/Amazon.Bedrock/README.md" />
    <Project Path="src/Amazon.Bedrock/src/LangChain.Providers.Amazon.Bedrock.csproj" />
    <Project Path="src/Amazon.Bedrock/test/LangChain.Providers.Amazon.Bedrock.Tests.csproj" />
  </Folder>
  <Folder Name="/Providers/Amazon/SageMaker/">
    <Project Path="src/Amazon.Sagemaker/src/LangChain.Providers.Amazon.SageMaker.csproj" />
    <Project Path="src/Amazon.Sagemaker/test/LangChain.Providers.Amazon.SageMaker.Tests.csproj" />
  </Folder>
  <Folder Name="/Providers/Automatic1111/">
    <Project Path="src/Automatic1111/src/LangChain.Providers.Automatic1111.csproj" />
    <Project Path="src/Automatic1111/test/LangChain.Providers.Automatic1111.Tests.csproj" />
  </Folder>
  <Folder Name="/Providers/Azure/">
    <Project Path="src/Azure/src/LangChain.Providers.Azure.csproj" />
  </Folder>
  <Folder Name="/Providers/Google/VertexAI/">
    <Project Path="src/Google.VertexAI/src/LangChain.Providers.Google.VertexAI.csproj" />
    <Project Path="src/Google.VertexAI/test/LangChain.Providers.Google.VertexAI.Tests.csproj" />
  </Folder>
  <Folder Name="/Providers/LLamaSharp/">
    <Project Path="src/LLamaSharp/src/LangChain.Providers.LLamaSharp.csproj" />
    <Project Path="src/LLamaSharp/test/LangChain.Providers.LLamaSharp.Tests.csproj" />
  </Folder>
  <Folder Name="/Providers/Pollinations/">
    <Project Path="src/Pollinations/src/LangChain.Providers.Pollinations/LangChain.Providers.Pollinations.csproj" />
  </Folder>
  <Folder Name="/Providers/Suno/">
    <Project Path="src/Suno/src/LangChain.Providers.Suno.csproj" />
    <Project Path="src/Suno/test/LangChain.Providers.Suno.Tests.csproj" />
  </Folder>
  <Folder Name="/Providers/WhisperNet/">
    <Project Path="src/WhisperNet/src/LangChain.Providers.WhisperNet.csproj" />
    <Project Path="src/WhisperNet/test/LangChain.Providers.WhisperNet.Tests.csproj" />
  </Folder>
  <Project Path="src/IntegrationTests/LangChain.IntegrationTests.csproj" />
</Solution>
