Microsoft Visual Studio Solution File, Format Version 12.00
# Visual Studio Version 17
VisualStudioVersion = 17.6.33829.357
MinimumVisualStudioVersion = 10.0.40219.1
Project("{2150E333-8FDC-42A3-9474-1A3956D46DE8}") = "Misc", "Misc", "{23506EB8-1B27-4FD0-B570-2F5EF2C33034}"
	ProjectSection(SolutionItems) = preProject
		.gitignore = .gitignore
		src\Directory.Build.props = src\Directory.Build.props
		src\Directory.Build.targets = src\Directory.Build.targets
		src\Directory.Packages.props = src\Directory.Packages.props
		LICENSE = LICENSE
		src\Packaging.props = src\Packaging.props
		README.md = README.md
		src\Testing.props = src\Testing.props
		src\Testing.targets = src\Testing.targets
	EndProjectSection
EndProject
Project("{2150E333-8FDC-42A3-9474-1A3956D46DE8}") = "workflows", "workflows", "{B4ED97D9-08F2-4531-B21B-EA1B9CB4E52B}"
	ProjectSection(SolutionItems) = preProject
		.github\workflows\auto-format.yml = .github\workflows\auto-format.yml
		.github\workflows\auto-labeling.yml = .github\workflows\auto-labeling.yml
		.github\workflows\auto-merge.yml = .github\workflows\auto-merge.yml
		.github\dependabot.yml = .github\dependabot.yml
		.github\workflows\dotnet.yml = .github\workflows\dotnet.yml
		.github\workflows\mkdocs.yml = .github\workflows\mkdocs.yml
		.github\workflows\pull-request.yml = .github\workflows\pull-request.yml
	EndProjectSection
EndProject
Project("{2150E333-8FDC-42A3-9474-1A3956D46DE8}") = "Providers", "Providers", "{E2B9833C-0397-4FAF-A3A8-116E58749750}"
	ProjectSection(SolutionItems) = preProject
		src\Directory.Build.props = src\Directory.Build.props
	EndProjectSection
EndProject
Project("{9A19103F-16F7-4668-BE54-9A1E7A4F7556}") = "LangChain.Providers.Abstractions", "src\Abstractions\src\LangChain.Providers.Abstractions.csproj", "{39DD36B2-90B3-40B0-98EC-F1AB59CA7F91}"
EndProject
Project("{2150E333-8FDC-42A3-9474-1A3956D46DE8}") = "Abstractions", "Abstractions", "{FC28B45D-2604-4F4C-BC3E-F2301EDB3469}"
	ProjectSection(SolutionItems) = preProject
		src\Abstractions\README.md = src\Abstractions\README.md
	EndProjectSection
EndProject
Project("{2150E333-8FDC-42A3-9474-1A3956D46DE8}") = "OpenAI", "OpenAI", "{9855527C-805E-4B73-88F7-566EF9AC59C1}"
EndProject
Project("{9A19103F-16F7-4668-BE54-9A1E7A4F7556}") = "LangChain.Providers.OpenAI", "src\OpenAI\src\LangChain.Providers.OpenAI.csproj", "{9ADCBB64-7BEC-414A-BB2B-7A35256D487A}"
EndProject
Project("{2150E333-8FDC-42A3-9474-1A3956D46DE8}") = "Anthropic", "Anthropic", "{7A2A589D-F8EF-4744-9BEE-B06A5F109851}"
EndProject
Project("{2150E333-8FDC-42A3-9474-1A3956D46DE8}") = "Anyscale", "Anyscale", "{B165FD5F-43B9-4A0C-A627-C4C94F6C027C}"
EndProject
Project("{2150E333-8FDC-42A3-9474-1A3956D46DE8}") = "Azure", "Azure", "{964429FD-A7CB-4607-9188-0B128C6CEDCD}"
EndProject
Project("{2150E333-8FDC-42A3-9474-1A3956D46DE8}") = "HuggingFace", "HuggingFace", "{91B13316-6565-4CB6-9876-945FFE2DD20C}"
EndProject
Project("{2150E333-8FDC-42A3-9474-1A3956D46DE8}") = "LLamaSharp", "LLamaSharp", "{8266C51A-BE2E-458C-9434-DDAFF788181A}"
EndProject
Project("{2150E333-8FDC-42A3-9474-1A3956D46DE8}") = "LeonardoAI", "LeonardoAI", "{DE00D366-5CA9-4EB9-98CC-18793B8229AB}"
EndProject
Project("{2150E333-8FDC-42A3-9474-1A3956D46DE8}") = "Google", "Google", "{A23BD019-BE70-42D5-9DD4-A79DEDDE54F4}"
EndProject
Project("{2150E333-8FDC-42A3-9474-1A3956D46DE8}") = "Automatic1111", "Automatic1111", "{0ACB8140-8198-4FA4-94DF-95A159E38E5C}"
EndProject
Project("{2150E333-8FDC-42A3-9474-1A3956D46DE8}") = "Ollama", "Ollama", "{E8880C1D-8C06-46B0-8C0D-345FE94FC2A3}"
EndProject
Project("{2150E333-8FDC-42A3-9474-1A3956D46DE8}") = "Amazon", "Amazon", "{96CCA968-1CE4-4DAB-9495-F8BA1249ADCD}"
EndProject
Project("{9A19103F-16F7-4668-BE54-9A1E7A4F7556}") = "LangChain.Providers.Amazon.Bedrock", "src\Amazon.Bedrock\src\LangChain.Providers.Amazon.Bedrock.csproj", "{8EE9C3E5-04E0-4D78-9CC3-DD2384490E48}"
EndProject
Project("{9A19103F-16F7-4668-BE54-9A1E7A4F7556}") = "LangChain.Providers.Amazon.Bedrock.Tests", "src\Amazon.Bedrock\test\LangChain.Providers.Amazon.Bedrock.Tests.csproj", "{10B7C532-327F-4424-85EE-A7D4E06E9976}"
EndProject
Project("{9A19103F-16F7-4668-BE54-9A1E7A4F7556}") = "LangChain.Providers.Amazon.SageMaker", "src\Amazon.Sagemaker\src\LangChain.Providers.Amazon.SageMaker.csproj", "{08BA819F-538B-44A8-9463-3F90381F7F0D}"
EndProject
Project("{9A19103F-16F7-4668-BE54-9A1E7A4F7556}") = "LangChain.Providers.Amazon.SageMaker.Tests", "src\Amazon.Sagemaker\test\LangChain.Providers.Amazon.SageMaker.Tests.csproj", "{08270801-B335-4DDE-8329-9D9198C3D3A1}"
EndProject
Project("{9A19103F-16F7-4668-BE54-9A1E7A4F7556}") = "LangChain.Providers.Anyscale", "src\Anyscale\src\LangChain.Providers.Anyscale.csproj", "{F9B5D1B9-3390-47B5-BE37-219B66E44F70}"
EndProject
Project("{9A19103F-16F7-4668-BE54-9A1E7A4F7556}") = "LangChain.Providers.Automatic1111", "src\Automatic1111\src\LangChain.Providers.Automatic1111.csproj", "{DA40F290-6B2D-451B-8BE2-9C577C4F1B11}"
EndProject
Project("{9A19103F-16F7-4668-BE54-9A1E7A4F7556}") = "LangChain.Providers.Automatic1111.Tests", "src\Automatic1111\test\LangChain.Providers.Automatic1111.Tests.csproj", "{4724E9F2-A344-4B64-9492-AD6A6964AF43}"
EndProject
Project("{9A19103F-16F7-4668-BE54-9A1E7A4F7556}") = "LangChain.Providers.Azure", "src\Azure\src\LangChain.Providers.Azure.csproj", "{D0FC7D59-9535-4860-BF5B-D163AA06ECCF}"
EndProject
Project("{9A19103F-16F7-4668-BE54-9A1E7A4F7556}") = "LangChain.Providers.Google", "src\Google\src\LangChain.Providers.Google.csproj", "{D692E628-1072-4465-9D1E-4840DC24DE97}"
EndProject
Project("{9A19103F-16F7-4668-BE54-9A1E7A4F7556}") = "LangChain.Providers.HuggingFace", "src\HuggingFace\src\LangChain.Providers.HuggingFace.csproj", "{F9F8E323-5B23-43F1-ABBD-05CD0D5CAC35}"
EndProject
Project("{9A19103F-16F7-4668-BE54-9A1E7A4F7556}") = "LangChain.Providers.LeonardoAI", "src\LeonardoAI\src\LangChain.Providers.LeonardoAI.csproj", "{786BD899-CB12-4A3F-9107-FF28A8C90B42}"
EndProject
Project("{9A19103F-16F7-4668-BE54-9A1E7A4F7556}") = "LangChain.Providers.LLamaSharp", "src\LLamaSharp\src\LangChain.Providers.LLamaSharp.csproj", "{72C0A9D6-D59C-4217-813C-11469761E9F8}"
EndProject
Project("{9A19103F-16F7-4668-BE54-9A1E7A4F7556}") = "LangChain.Providers.LLamaSharp.Tests", "src\LLamaSharp\test\LangChain.Providers.LLamaSharp.Tests.csproj", "{4B5250D7-DF03-4DE7-81CC-B9EBBAAC4274}"
EndProject
Project("{9A19103F-16F7-4668-BE54-9A1E7A4F7556}") = "LangChain.Providers.Ollama", "src\Ollama\src\LangChain.Providers.Ollama.csproj", "{E5D97C97-708B-4C33-A5DA-ED6CF16E5A85}"
EndProject
Project("{9A19103F-16F7-4668-BE54-9A1E7A4F7556}") = "LangChain.Providers.Ollama.Tests", "src\Ollama\test\LangChain.Providers.Ollama.Tests.csproj", "{7EFDC4B0-F8A4-41E7-89C8-4811BAC5EEFB}"
EndProject
Project("{2150E333-8FDC-42A3-9474-1A3956D46DE8}") = "Helpers", "Helpers", "{1325D29E-D42F-423F-A6AC-5E880BE2AB68}"
EndProject
Project("{9A19103F-16F7-4668-BE54-9A1E7A4F7556}") = "TrimmingHelper", "src\Helpers\TrimmingHelper\TrimmingHelper.csproj", "{BEE04F82-38FB-4BB2-AB48-A73AD0104142}"
EndProject
Project("{2150E333-8FDC-42A3-9474-1A3956D46DE8}") = "WhisperNet", "WhisperNet", "{73429222-5209-49B8-96CB-F20FFFE3F3B1}"
EndProject
Project("{9A19103F-16F7-4668-BE54-9A1E7A4F7556}") = "LangChain.Providers.WhisperNet", "src\WhisperNet\src\LangChain.Providers.WhisperNet.csproj", "{35A74002-AD33-4516-AFA6-D67D8A272EDE}"
EndProject
Project("{9A19103F-16F7-4668-BE54-9A1E7A4F7556}") = "LangChain.Providers.WhisperNet.Tests", "src\WhisperNet\test\LangChain.Providers.WhisperNet.Tests.csproj", "{6EDDCF08-5026-4E87-BF3C-0128A80C2FE9}"
EndProject
Project("{2150E333-8FDC-42A3-9474-1A3956D46DE8}") = "OpenRouter", "OpenRouter", "{7FE91F38-E133-4F58-9852-BCB6A15A82D1}"
EndProject
Project("{9A19103F-16F7-4668-BE54-9A1E7A4F7556}") = "LangChain.Providers.OpenRouter", "src\OpenRouter\src\LangChain.Providers.OpenRouter.csproj", "{A9442EA6-7567-4F1A-86E8-289DF51C9695}"
EndProject
Project("{9A19103F-16F7-4668-BE54-9A1E7A4F7556}") = "LangChain.Providers.OpenRouter.CodeGenerator", "src\OpenRouter\tools\LangChain.Providers.OpenRouter.CodeGenerator\LangChain.Providers.OpenRouter.CodeGenerator.csproj", "{1BC041D3-F70D-4906-BA8F-49DB4FB7AEF0}"
EndProject
Project("{2150E333-8FDC-42A3-9474-1A3956D46DE8}") = "DeepSeek", "DeepSeek", "{674D7125-B893-45FA-94D8-8CE0946578A5}"
EndProject
Project("{9A19103F-16F7-4668-BE54-9A1E7A4F7556}") = "LangChain.Providers.DeepSeek", "src\DeepSeek\src\LangChain.Providers.DeepSeek.csproj", "{6217F9EB-35EE-4E36-BF29-B1E49CEDC5A5}"
EndProject
Project("{2150E333-8FDC-42A3-9474-1A3956D46DE8}") = "TogetherAi", "TogetherAi", "{CD001ADE-7B22-4325-9B3C-5C7D3B812797}"
EndProject
Project("{9A19103F-16F7-4668-BE54-9A1E7A4F7556}") = "LangChain.Providers.TogetherAi", "src\TogetherAI\src\LangChain.Providers.TogetherAi.csproj", "{15D318BC-3954-4B32-B72A-B0FC97048EB3}"
EndProject
Project("{2150E333-8FDC-42A3-9474-1A3956D46DE8}") = "Bedrock", "Bedrock", "{6622DE9C-A23A-44E6-B661-EC784CE6C75C}"
	ProjectSection(SolutionItems) = preProject
		src\Amazon.Bedrock\README.md = src\Amazon.Bedrock\README.md
	EndProjectSection
EndProject
Project("{2150E333-8FDC-42A3-9474-1A3956D46DE8}") = "SageMaker", "SageMaker", "{E6A4D04E-CC83-4F24-89B4-04F3EF61715F}"
EndProject
Project("{2150E333-8FDC-42A3-9474-1A3956D46DE8}") = "Suno", "Suno", "{1434F398-ACFA-47F4-8978-70E698D03684}"
EndProject
Project("{9A19103F-16F7-4668-BE54-9A1E7A4F7556}") = "LangChain.Providers.Suno", "src\Suno\src\LangChain.Providers.Suno.csproj", "{58026C3B-69DC-49EA-BD6E-032E27AA44E7}"
EndProject
Project("{9A19103F-16F7-4668-BE54-9A1E7A4F7556}") = "LangChain.Providers.Suno.Tests", "src\Suno\test\LangChain.Providers.Suno.Tests.csproj", "{F3A3A951-F83E-4072-92D7-A7D8C75CF9F0}"
EndProject
Project("{9A19103F-16F7-4668-BE54-9A1E7A4F7556}") = "LangChain.Providers.TogetherAi.CodeGenerator", "src\TogetherAI\tools\LangChain.Providers.TogetherAi.CodeGenerator\LangChain.Providers.TogetherAi.CodeGenerator.csproj", "{5FF0458E-0E77-4934-B170-ED05CAE3DFDA}"
EndProject
Project("{2150E333-8FDC-42A3-9474-1A3956D46DE8}") = "DeepInfra", "DeepInfra", "{97A6B334-EB72-4B7E-A4EA-2073604DD94B}"
EndProject
Project("{9A19103F-16F7-4668-BE54-9A1E7A4F7556}") = "LangChain.Providers.DeepInfra", "src\DeepInfra\src\LangChain.Providers.DeepInfra.csproj", "{EF25353F-C816-4197-8E33-623600AC5A4F}"
EndProject
Project("{9A19103F-16F7-4668-BE54-9A1E7A4F7556}") = "LangChain.Providers.DeepInfra.CodeGenerator", "src\DeepInfra\tools\LangChain.Providers.DeepInfra.CodeGenerator\LangChain.Providers.DeepInfra.CodeGenerator.csproj", "{44851579-7483-444F-BA01-E6D5427FFBFC}"
EndProject
Project("{2150E333-8FDC-42A3-9474-1A3956D46DE8}") = "Reka", "Reka", "{7CA5B2C7-37ED-47CA-92F2-E599370F0DCB}"
EndProject
Project("{9A19103F-16F7-4668-BE54-9A1E7A4F7556}") = "LangChain.Providers.Reka", "src\Reka\src\LangChain.Providers.Reka.csproj", "{35D833D5-24A4-449E-815E-8A31077E6B37}"
EndProject
Project("{9A19103F-16F7-4668-BE54-9A1E7A4F7556}") = "LangChain.Providers.Groq", "src\Groq\src\LangChain.Providers.Groq.csproj", "{FD0A56AD-AFB4-4A21-99C1-9BE5D074EB56}"
EndProject
Project("{2150E333-8FDC-42A3-9474-1A3956D46DE8}") = "Groq", "Groq", "{5DEC2707-DD62-4DCD-AC5D-6670AC2A1B01}"
EndProject
Project("{2150E333-8FDC-42A3-9474-1A3956D46DE8}") = "VertexAI", "VertexAI", "{1F6C3FD4-959B-4A6E-ACCA-C0466149EC05}"
EndProject
Project("{9A19103F-16F7-4668-BE54-9A1E7A4F7556}") = "LangChain.Providers.Google.VertexAI", "src\Google.VertexAI\src\LangChain.Providers.Google.VertexAI.csproj", "{F5B1B04A-F72B-44D2-8B25-BB3717146D00}"
EndProject
Project("{9A19103F-16F7-4668-BE54-9A1E7A4F7556}") = "LangChain.Providers.Google.VertexAI.Tests", "src\Google.VertexAI\test\LangChain.Providers.Google.VertexAI.Tests.csproj", "{EFD4C813-47A1-4B40-8A23-D660B82B8938}"
EndProject
Project("{2150E333-8FDC-42A3-9474-1A3956D46DE8}") = "Fireworks", "Fireworks", "{2DFDBF23-50E2-41DB-B2D5-CB2CC46D8C3B}"
EndProject
Project("{9A19103F-16F7-4668-BE54-9A1E7A4F7556}") = "LangChain.Providers.Fireworks", "src\Fireworks\src\LangChain.Providers.Fireworks.csproj", "{90BC5243-139D-4CB2-8B68-3794070C1955}"
EndProject
Project("{2150E333-8FDC-42A3-9474-1A3956D46DE8}") = "docs", "docs", "{20D58A8D-DB93-47AC-956B-9EB89EA75928}"
	ProjectSection(SolutionItems) = preProject
		docs\css\extra.css = docs\css\extra.css
		docs\media\icon128.png = docs\media\icon128.png
		docs\index.md = docs\index.md
		mkdocs.yml = mkdocs.yml
	EndProjectSection
EndProject
Project("{9A19103F-16F7-4668-BE54-9A1E7A4F7556}") = "GenerateDocs", "src\Helpers\GenerateDocs\GenerateDocs.csproj", "{EFFC19CE-9519-492D-A5CC-E1C90EB410E0}"
EndProject
Project("{9A19103F-16F7-4668-BE54-9A1E7A4F7556}") = "LangChain.Providers.Generators", "src\Abstractions\generators\LangChain.Providers.Generators\LangChain.Providers.Generators.csproj", "{FCD9A4CB-C70A-499F-8179-A50836B809D6}"
EndProject
Project("{9A19103F-16F7-4668-BE54-9A1E7A4F7556}") = "LangChain.Providers.Generators.SnapshotTests", "src\Abstractions\test\LangChain.Providers.Generators.SnapshotTests\LangChain.Providers.Generators.SnapshotTests.csproj", "{F78D9189-24B8-4403-89D2-7FBBB5D83556}"
EndProject
Project("{9A19103F-16F7-4668-BE54-9A1E7A4F7556}") = "LangChain.Providers.Anthropic", "src\Anthropic\src\LangChain.Providers.Anthropic.csproj", "{BD9AF0B6-15C5-4365-9B78-6EF0C9CC3E2F}"
EndProject
Project("{FAE04EC0-301F-11D3-BF4B-00C04F79EFBC}") = "LangChain.IntegrationTests", "src\IntegrationTests\LangChain.IntegrationTests.csproj", "{12C853A4-0669-4FB2-934F-37E8171D1300}"
EndProject
Global
	GlobalSection(SolutionConfigurationPlatforms) = preSolution
		Debug|Any CPU = Debug|Any CPU
		Release|Any CPU = Release|Any CPU
	EndGlobalSection
	GlobalSection(ProjectConfigurationPlatforms) = postSolution
		{39DD36B2-90B3-40B0-98EC-F1AB59CA7F91}.Debug|Any CPU.ActiveCfg = Debug|Any CPU
		{39DD36B2-90B3-40B0-98EC-F1AB59CA7F91}.Debug|Any CPU.Build.0 = Debug|Any CPU
		{39DD36B2-90B3-40B0-98EC-F1AB59CA7F91}.Release|Any CPU.ActiveCfg = Release|Any CPU
		{39DD36B2-90B3-40B0-98EC-F1AB59CA7F91}.Release|Any CPU.Build.0 = Release|Any CPU
		{9ADCBB64-7BEC-414A-BB2B-7A35256D487A}.Debug|Any CPU.ActiveCfg = Debug|Any CPU
		{9ADCBB64-7BEC-414A-BB2B-7A35256D487A}.Debug|Any CPU.Build.0 = Debug|Any CPU
		{9ADCBB64-7BEC-414A-BB2B-7A35256D487A}.Release|Any CPU.ActiveCfg = Release|Any CPU
		{9ADCBB64-7BEC-414A-BB2B-7A35256D487A}.Release|Any CPU.Build.0 = Release|Any CPU
		{8EE9C3E5-04E0-4D78-9CC3-DD2384490E48}.Debug|Any CPU.ActiveCfg = Debug|Any CPU
		{8EE9C3E5-04E0-4D78-9CC3-DD2384490E48}.Debug|Any CPU.Build.0 = Debug|Any CPU
		{8EE9C3E5-04E0-4D78-9CC3-DD2384490E48}.Release|Any CPU.ActiveCfg = Release|Any CPU
		{8EE9C3E5-04E0-4D78-9CC3-DD2384490E48}.Release|Any CPU.Build.0 = Release|Any CPU
		{10B7C532-327F-4424-85EE-A7D4E06E9976}.Debug|Any CPU.ActiveCfg = Debug|Any CPU
		{10B7C532-327F-4424-85EE-A7D4E06E9976}.Debug|Any CPU.Build.0 = Debug|Any CPU
		{10B7C532-327F-4424-85EE-A7D4E06E9976}.Release|Any CPU.ActiveCfg = Release|Any CPU
		{10B7C532-327F-4424-85EE-A7D4E06E9976}.Release|Any CPU.Build.0 = Release|Any CPU
		{08BA819F-538B-44A8-9463-3F90381F7F0D}.Debug|Any CPU.ActiveCfg = Debug|Any CPU
		{08BA819F-538B-44A8-9463-3F90381F7F0D}.Debug|Any CPU.Build.0 = Debug|Any CPU
		{08BA819F-538B-44A8-9463-3F90381F7F0D}.Release|Any CPU.ActiveCfg = Release|Any CPU
		{08BA819F-538B-44A8-9463-3F90381F7F0D}.Release|Any CPU.Build.0 = Release|Any CPU
		{08270801-B335-4DDE-8329-9D9198C3D3A1}.Debug|Any CPU.ActiveCfg = Debug|Any CPU
		{08270801-B335-4DDE-8329-9D9198C3D3A1}.Debug|Any CPU.Build.0 = Debug|Any CPU
		{08270801-B335-4DDE-8329-9D9198C3D3A1}.Release|Any CPU.ActiveCfg = Release|Any CPU
		{08270801-B335-4DDE-8329-9D9198C3D3A1}.Release|Any CPU.Build.0 = Release|Any CPU
		{F9B5D1B9-3390-47B5-BE37-219B66E44F70}.Debug|Any CPU.ActiveCfg = Debug|Any CPU
		{F9B5D1B9-3390-47B5-BE37-219B66E44F70}.Debug|Any CPU.Build.0 = Debug|Any CPU
		{F9B5D1B9-3390-47B5-BE37-219B66E44F70}.Release|Any CPU.ActiveCfg = Release|Any CPU
		{F9B5D1B9-3390-47B5-BE37-219B66E44F70}.Release|Any CPU.Build.0 = Release|Any CPU
		{DA40F290-6B2D-451B-8BE2-9C577C4F1B11}.Debug|Any CPU.ActiveCfg = Debug|Any CPU
		{DA40F290-6B2D-451B-8BE2-9C577C4F1B11}.Debug|Any CPU.Build.0 = Debug|Any CPU
		{DA40F290-6B2D-451B-8BE2-9C577C4F1B11}.Release|Any CPU.ActiveCfg = Release|Any CPU
		{DA40F290-6B2D-451B-8BE2-9C577C4F1B11}.Release|Any CPU.Build.0 = Release|Any CPU
		{4724E9F2-A344-4B64-9492-AD6A6964AF43}.Debug|Any CPU.ActiveCfg = Debug|Any CPU
		{4724E9F2-A344-4B64-9492-AD6A6964AF43}.Debug|Any CPU.Build.0 = Debug|Any CPU
		{4724E9F2-A344-4B64-9492-AD6A6964AF43}.Release|Any CPU.ActiveCfg = Release|Any CPU
		{4724E9F2-A344-4B64-9492-AD6A6964AF43}.Release|Any CPU.Build.0 = Release|Any CPU
		{D0FC7D59-9535-4860-BF5B-D163AA06ECCF}.Debug|Any CPU.ActiveCfg = Debug|Any CPU
		{D0FC7D59-9535-4860-BF5B-D163AA06ECCF}.Debug|Any CPU.Build.0 = Debug|Any CPU
		{D0FC7D59-9535-4860-BF5B-D163AA06ECCF}.Release|Any CPU.ActiveCfg = Release|Any CPU
		{D0FC7D59-9535-4860-BF5B-D163AA06ECCF}.Release|Any CPU.Build.0 = Release|Any CPU
		{D692E628-1072-4465-9D1E-4840DC24DE97}.Debug|Any CPU.ActiveCfg = Debug|Any CPU
		{D692E628-1072-4465-9D1E-4840DC24DE97}.Debug|Any CPU.Build.0 = Debug|Any CPU
		{D692E628-1072-4465-9D1E-4840DC24DE97}.Release|Any CPU.ActiveCfg = Release|Any CPU
		{D692E628-1072-4465-9D1E-4840DC24DE97}.Release|Any CPU.Build.0 = Release|Any CPU
		{F9F8E323-5B23-43F1-ABBD-05CD0D5CAC35}.Debug|Any CPU.ActiveCfg = Debug|Any CPU
		{F9F8E323-5B23-43F1-ABBD-05CD0D5CAC35}.Debug|Any CPU.Build.0 = Debug|Any CPU
		{F9F8E323-5B23-43F1-ABBD-05CD0D5CAC35}.Release|Any CPU.ActiveCfg = Release|Any CPU
		{F9F8E323-5B23-43F1-ABBD-05CD0D5CAC35}.Release|Any CPU.Build.0 = Release|Any CPU
		{786BD899-CB12-4A3F-9107-FF28A8C90B42}.Debug|Any CPU.ActiveCfg = Debug|Any CPU
		{786BD899-CB12-4A3F-9107-FF28A8C90B42}.Debug|Any CPU.Build.0 = Debug|Any CPU
		{786BD899-CB12-4A3F-9107-FF28A8C90B42}.Release|Any CPU.ActiveCfg = Release|Any CPU
		{786BD899-CB12-4A3F-9107-FF28A8C90B42}.Release|Any CPU.Build.0 = Release|Any CPU
		{72C0A9D6-D59C-4217-813C-11469761E9F8}.Debug|Any CPU.ActiveCfg = Debug|Any CPU
		{72C0A9D6-D59C-4217-813C-11469761E9F8}.Debug|Any CPU.Build.0 = Debug|Any CPU
		{72C0A9D6-D59C-4217-813C-11469761E9F8}.Release|Any CPU.ActiveCfg = Release|Any CPU
		{72C0A9D6-D59C-4217-813C-11469761E9F8}.Release|Any CPU.Build.0 = Release|Any CPU
		{4B5250D7-DF03-4DE7-81CC-B9EBBAAC4274}.Debug|Any CPU.ActiveCfg = Debug|Any CPU
		{4B5250D7-DF03-4DE7-81CC-B9EBBAAC4274}.Debug|Any CPU.Build.0 = Debug|Any CPU
		{4B5250D7-DF03-4DE7-81CC-B9EBBAAC4274}.Release|Any CPU.ActiveCfg = Release|Any CPU
		{4B5250D7-DF03-4DE7-81CC-B9EBBAAC4274}.Release|Any CPU.Build.0 = Release|Any CPU
		{E5D97C97-708B-4C33-A5DA-ED6CF16E5A85}.Debug|Any CPU.ActiveCfg = Debug|Any CPU
		{E5D97C97-708B-4C33-A5DA-ED6CF16E5A85}.Debug|Any CPU.Build.0 = Debug|Any CPU
		{E5D97C97-708B-4C33-A5DA-ED6CF16E5A85}.Release|Any CPU.ActiveCfg = Release|Any CPU
		{E5D97C97-708B-4C33-A5DA-ED6CF16E5A85}.Release|Any CPU.Build.0 = Release|Any CPU
		{7EFDC4B0-F8A4-41E7-89C8-4811BAC5EEFB}.Debug|Any CPU.ActiveCfg = Debug|Any CPU
		{7EFDC4B0-F8A4-41E7-89C8-4811BAC5EEFB}.Debug|Any CPU.Build.0 = Debug|Any CPU
		{7EFDC4B0-F8A4-41E7-89C8-4811BAC5EEFB}.Release|Any CPU.ActiveCfg = Release|Any CPU
		{7EFDC4B0-F8A4-41E7-89C8-4811BAC5EEFB}.Release|Any CPU.Build.0 = Release|Any CPU
		{BEE04F82-38FB-4BB2-AB48-A73AD0104142}.Debug|Any CPU.ActiveCfg = Debug|Any CPU
		{BEE04F82-38FB-4BB2-AB48-A73AD0104142}.Debug|Any CPU.Build.0 = Debug|Any CPU
		{BEE04F82-38FB-4BB2-AB48-A73AD0104142}.Release|Any CPU.ActiveCfg = Release|Any CPU
		{BEE04F82-38FB-4BB2-AB48-A73AD0104142}.Release|Any CPU.Build.0 = Release|Any CPU
		{35A74002-AD33-4516-AFA6-D67D8A272EDE}.Debug|Any CPU.ActiveCfg = Debug|Any CPU
		{35A74002-AD33-4516-AFA6-D67D8A272EDE}.Debug|Any CPU.Build.0 = Debug|Any CPU
		{35A74002-AD33-4516-AFA6-D67D8A272EDE}.Release|Any CPU.ActiveCfg = Release|Any CPU
		{35A74002-AD33-4516-AFA6-D67D8A272EDE}.Release|Any CPU.Build.0 = Release|Any CPU
		{6EDDCF08-5026-4E87-BF3C-0128A80C2FE9}.Debug|Any CPU.ActiveCfg = Debug|Any CPU
		{6EDDCF08-5026-4E87-BF3C-0128A80C2FE9}.Debug|Any CPU.Build.0 = Debug|Any CPU
		{6EDDCF08-5026-4E87-BF3C-0128A80C2FE9}.Release|Any CPU.ActiveCfg = Release|Any CPU
		{6EDDCF08-5026-4E87-BF3C-0128A80C2FE9}.Release|Any CPU.Build.0 = Release|Any CPU
		{A9442EA6-7567-4F1A-86E8-289DF51C9695}.Debug|Any CPU.ActiveCfg = Debug|Any CPU
		{A9442EA6-7567-4F1A-86E8-289DF51C9695}.Debug|Any CPU.Build.0 = Debug|Any CPU
		{A9442EA6-7567-4F1A-86E8-289DF51C9695}.Release|Any CPU.ActiveCfg = Release|Any CPU
		{A9442EA6-7567-4F1A-86E8-289DF51C9695}.Release|Any CPU.Build.0 = Release|Any CPU
		{1BC041D3-F70D-4906-BA8F-49DB4FB7AEF0}.Debug|Any CPU.ActiveCfg = Debug|Any CPU
		{1BC041D3-F70D-4906-BA8F-49DB4FB7AEF0}.Debug|Any CPU.Build.0 = Debug|Any CPU
		{1BC041D3-F70D-4906-BA8F-49DB4FB7AEF0}.Release|Any CPU.ActiveCfg = Release|Any CPU
		{1BC041D3-F70D-4906-BA8F-49DB4FB7AEF0}.Release|Any CPU.Build.0 = Release|Any CPU
		{6217F9EB-35EE-4E36-BF29-B1E49CEDC5A5}.Debug|Any CPU.ActiveCfg = Debug|Any CPU
		{6217F9EB-35EE-4E36-BF29-B1E49CEDC5A5}.Debug|Any CPU.Build.0 = Debug|Any CPU
		{6217F9EB-35EE-4E36-BF29-B1E49CEDC5A5}.Release|Any CPU.ActiveCfg = Release|Any CPU
		{6217F9EB-35EE-4E36-BF29-B1E49CEDC5A5}.Release|Any CPU.Build.0 = Release|Any CPU
		{15D318BC-3954-4B32-B72A-B0FC97048EB3}.Debug|Any CPU.ActiveCfg = Debug|Any CPU
		{15D318BC-3954-4B32-B72A-B0FC97048EB3}.Debug|Any CPU.Build.0 = Debug|Any CPU
		{15D318BC-3954-4B32-B72A-B0FC97048EB3}.Release|Any CPU.ActiveCfg = Release|Any CPU
		{15D318BC-3954-4B32-B72A-B0FC97048EB3}.Release|Any CPU.Build.0 = Release|Any CPU
		{58026C3B-69DC-49EA-BD6E-032E27AA44E7}.Debug|Any CPU.ActiveCfg = Debug|Any CPU
		{58026C3B-69DC-49EA-BD6E-032E27AA44E7}.Debug|Any CPU.Build.0 = Debug|Any CPU
		{58026C3B-69DC-49EA-BD6E-032E27AA44E7}.Release|Any CPU.ActiveCfg = Release|Any CPU
		{58026C3B-69DC-49EA-BD6E-032E27AA44E7}.Release|Any CPU.Build.0 = Release|Any CPU
		{F3A3A951-F83E-4072-92D7-A7D8C75CF9F0}.Debug|Any CPU.ActiveCfg = Debug|Any CPU
		{F3A3A951-F83E-4072-92D7-A7D8C75CF9F0}.Debug|Any CPU.Build.0 = Debug|Any CPU
		{F3A3A951-F83E-4072-92D7-A7D8C75CF9F0}.Release|Any CPU.ActiveCfg = Release|Any CPU
		{F3A3A951-F83E-4072-92D7-A7D8C75CF9F0}.Release|Any CPU.Build.0 = Release|Any CPU
		{5FF0458E-0E77-4934-B170-ED05CAE3DFDA}.Debug|Any CPU.ActiveCfg = Debug|Any CPU
		{5FF0458E-0E77-4934-B170-ED05CAE3DFDA}.Debug|Any CPU.Build.0 = Debug|Any CPU
		{5FF0458E-0E77-4934-B170-ED05CAE3DFDA}.Release|Any CPU.ActiveCfg = Release|Any CPU
		{5FF0458E-0E77-4934-B170-ED05CAE3DFDA}.Release|Any CPU.Build.0 = Release|Any CPU
		{EF25353F-C816-4197-8E33-623600AC5A4F}.Debug|Any CPU.ActiveCfg = Debug|Any CPU
		{EF25353F-C816-4197-8E33-623600AC5A4F}.Debug|Any CPU.Build.0 = Debug|Any CPU
		{EF25353F-C816-4197-8E33-623600AC5A4F}.Release|Any CPU.ActiveCfg = Release|Any CPU
		{EF25353F-C816-4197-8E33-623600AC5A4F}.Release|Any CPU.Build.0 = Release|Any CPU
		{44851579-7483-444F-BA01-E6D5427FFBFC}.Debug|Any CPU.ActiveCfg = Debug|Any CPU
		{44851579-7483-444F-BA01-E6D5427FFBFC}.Debug|Any CPU.Build.0 = Debug|Any CPU
		{44851579-7483-444F-BA01-E6D5427FFBFC}.Release|Any CPU.ActiveCfg = Release|Any CPU
		{44851579-7483-444F-BA01-E6D5427FFBFC}.Release|Any CPU.Build.0 = Release|Any CPU
		{35D833D5-24A4-449E-815E-8A31077E6B37}.Debug|Any CPU.ActiveCfg = Debug|Any CPU
		{35D833D5-24A4-449E-815E-8A31077E6B37}.Debug|Any CPU.Build.0 = Debug|Any CPU
		{35D833D5-24A4-449E-815E-8A31077E6B37}.Release|Any CPU.ActiveCfg = Release|Any CPU
		{35D833D5-24A4-449E-815E-8A31077E6B37}.Release|Any CPU.Build.0 = Release|Any CPU
		{FD0A56AD-AFB4-4A21-99C1-9BE5D074EB56}.Debug|Any CPU.ActiveCfg = Debug|Any CPU
		{FD0A56AD-AFB4-4A21-99C1-9BE5D074EB56}.Debug|Any CPU.Build.0 = Debug|Any CPU
		{FD0A56AD-AFB4-4A21-99C1-9BE5D074EB56}.Release|Any CPU.ActiveCfg = Release|Any CPU
		{FD0A56AD-AFB4-4A21-99C1-9BE5D074EB56}.Release|Any CPU.Build.0 = Release|Any CPU
		{F5B1B04A-F72B-44D2-8B25-BB3717146D00}.Debug|Any CPU.ActiveCfg = Debug|Any CPU
		{F5B1B04A-F72B-44D2-8B25-BB3717146D00}.Debug|Any CPU.Build.0 = Debug|Any CPU
		{F5B1B04A-F72B-44D2-8B25-BB3717146D00}.Release|Any CPU.ActiveCfg = Release|Any CPU
		{F5B1B04A-F72B-44D2-8B25-BB3717146D00}.Release|Any CPU.Build.0 = Release|Any CPU
		{EFD4C813-47A1-4B40-8A23-D660B82B8938}.Debug|Any CPU.ActiveCfg = Debug|Any CPU
		{EFD4C813-47A1-4B40-8A23-D660B82B8938}.Debug|Any CPU.Build.0 = Debug|Any CPU
		{EFD4C813-47A1-4B40-8A23-D660B82B8938}.Release|Any CPU.ActiveCfg = Release|Any CPU
		{EFD4C813-47A1-4B40-8A23-D660B82B8938}.Release|Any CPU.Build.0 = Release|Any CPU
		{90BC5243-139D-4CB2-8B68-3794070C1955}.Debug|Any CPU.ActiveCfg = Debug|Any CPU
		{90BC5243-139D-4CB2-8B68-3794070C1955}.Debug|Any CPU.Build.0 = Debug|Any CPU
		{90BC5243-139D-4CB2-8B68-3794070C1955}.Release|Any CPU.ActiveCfg = Release|Any CPU
		{90BC5243-139D-4CB2-8B68-3794070C1955}.Release|Any CPU.Build.0 = Release|Any CPU
		{EFFC19CE-9519-492D-A5CC-E1C90EB410E0}.Debug|Any CPU.ActiveCfg = Debug|Any CPU
		{EFFC19CE-9519-492D-A5CC-E1C90EB410E0}.Debug|Any CPU.Build.0 = Debug|Any CPU
		{EFFC19CE-9519-492D-A5CC-E1C90EB410E0}.Release|Any CPU.ActiveCfg = Release|Any CPU
		{EFFC19CE-9519-492D-A5CC-E1C90EB410E0}.Release|Any CPU.Build.0 = Release|Any CPU
		{FCD9A4CB-C70A-499F-8179-A50836B809D6}.Debug|Any CPU.ActiveCfg = Debug|Any CPU
		{FCD9A4CB-C70A-499F-8179-A50836B809D6}.Debug|Any CPU.Build.0 = Debug|Any CPU
		{FCD9A4CB-C70A-499F-8179-A50836B809D6}.Release|Any CPU.ActiveCfg = Release|Any CPU
		{FCD9A4CB-C70A-499F-8179-A50836B809D6}.Release|Any CPU.Build.0 = Release|Any CPU
		{F78D9189-24B8-4403-89D2-7FBBB5D83556}.Debug|Any CPU.ActiveCfg = Debug|Any CPU
		{F78D9189-24B8-4403-89D2-7FBBB5D83556}.Debug|Any CPU.Build.0 = Debug|Any CPU
		{F78D9189-24B8-4403-89D2-7FBBB5D83556}.Release|Any CPU.ActiveCfg = Release|Any CPU
		{F78D9189-24B8-4403-89D2-7FBBB5D83556}.Release|Any CPU.Build.0 = Release|Any CPU
		{BD9AF0B6-15C5-4365-9B78-6EF0C9CC3E2F}.Debug|Any CPU.ActiveCfg = Debug|Any CPU
		{BD9AF0B6-15C5-4365-9B78-6EF0C9CC3E2F}.Debug|Any CPU.Build.0 = Debug|Any CPU
		{BD9AF0B6-15C5-4365-9B78-6EF0C9CC3E2F}.Release|Any CPU.ActiveCfg = Release|Any CPU
		{BD9AF0B6-15C5-4365-9B78-6EF0C9CC3E2F}.Release|Any CPU.Build.0 = Release|Any CPU
		{12C853A4-0669-4FB2-934F-37E8171D1300}.Debug|Any CPU.ActiveCfg = Debug|Any CPU
		{12C853A4-0669-4FB2-934F-37E8171D1300}.Debug|Any CPU.Build.0 = Debug|Any CPU
		{12C853A4-0669-4FB2-934F-37E8171D1300}.Release|Any CPU.ActiveCfg = Release|Any CPU
		{12C853A4-0669-4FB2-934F-37E8171D1300}.Release|Any CPU.Build.0 = Release|Any CPU
	EndGlobalSection
	GlobalSection(SolutionProperties) = preSolution
		HideSolutionNode = FALSE
	EndGlobalSection
	GlobalSection(NestedProjects) = preSolution
		{B4ED97D9-08F2-4531-B21B-EA1B9CB4E52B} = {23506EB8-1B27-4FD0-B570-2F5EF2C33034}
		{39DD36B2-90B3-40B0-98EC-F1AB59CA7F91} = {FC28B45D-2604-4F4C-BC3E-F2301EDB3469}
		{FC28B45D-2604-4F4C-BC3E-F2301EDB3469} = {E2B9833C-0397-4FAF-A3A8-116E58749750}
		{9855527C-805E-4B73-88F7-566EF9AC59C1} = {E2B9833C-0397-4FAF-A3A8-116E58749750}
		{9ADCBB64-7BEC-414A-BB2B-7A35256D487A} = {9855527C-805E-4B73-88F7-566EF9AC59C1}
		{7A2A589D-F8EF-4744-9BEE-B06A5F109851} = {E2B9833C-0397-4FAF-A3A8-116E58749750}
		{B165FD5F-43B9-4A0C-A627-C4C94F6C027C} = {E2B9833C-0397-4FAF-A3A8-116E58749750}
		{964429FD-A7CB-4607-9188-0B128C6CEDCD} = {E2B9833C-0397-4FAF-A3A8-116E58749750}
		{91B13316-6565-4CB6-9876-945FFE2DD20C} = {E2B9833C-0397-4FAF-A3A8-116E58749750}
		{8266C51A-BE2E-458C-9434-DDAFF788181A} = {E2B9833C-0397-4FAF-A3A8-116E58749750}
		{DE00D366-5CA9-4EB9-98CC-18793B8229AB} = {E2B9833C-0397-4FAF-A3A8-116E58749750}
		{A23BD019-BE70-42D5-9DD4-A79DEDDE54F4} = {E2B9833C-0397-4FAF-A3A8-116E58749750}
		{0ACB8140-8198-4FA4-94DF-95A159E38E5C} = {E2B9833C-0397-4FAF-A3A8-116E58749750}
		{E8880C1D-8C06-46B0-8C0D-345FE94FC2A3} = {E2B9833C-0397-4FAF-A3A8-116E58749750}
		{96CCA968-1CE4-4DAB-9495-F8BA1249ADCD} = {E2B9833C-0397-4FAF-A3A8-116E58749750}
		{8EE9C3E5-04E0-4D78-9CC3-DD2384490E48} = {6622DE9C-A23A-44E6-B661-EC784CE6C75C}
		{10B7C532-327F-4424-85EE-A7D4E06E9976} = {6622DE9C-A23A-44E6-B661-EC784CE6C75C}
		{08BA819F-538B-44A8-9463-3F90381F7F0D} = {E6A4D04E-CC83-4F24-89B4-04F3EF61715F}
		{08270801-B335-4DDE-8329-9D9198C3D3A1} = {E6A4D04E-CC83-4F24-89B4-04F3EF61715F}
		{F9B5D1B9-3390-47B5-BE37-219B66E44F70} = {B165FD5F-43B9-4A0C-A627-C4C94F6C027C}
		{DA40F290-6B2D-451B-8BE2-9C577C4F1B11} = {0ACB8140-8198-4FA4-94DF-95A159E38E5C}
		{4724E9F2-A344-4B64-9492-AD6A6964AF43} = {0ACB8140-8198-4FA4-94DF-95A159E38E5C}
		{D0FC7D59-9535-4860-BF5B-D163AA06ECCF} = {964429FD-A7CB-4607-9188-0B128C6CEDCD}
		{D692E628-1072-4465-9D1E-4840DC24DE97} = {A23BD019-BE70-42D5-9DD4-A79DEDDE54F4}
		{F9F8E323-5B23-43F1-ABBD-05CD0D5CAC35} = {91B13316-6565-4CB6-9876-945FFE2DD20C}
		{786BD899-CB12-4A3F-9107-FF28A8C90B42} = {DE00D366-5CA9-4EB9-98CC-18793B8229AB}
		{72C0A9D6-D59C-4217-813C-11469761E9F8} = {8266C51A-BE2E-458C-9434-DDAFF788181A}
		{4B5250D7-DF03-4DE7-81CC-B9EBBAAC4274} = {8266C51A-BE2E-458C-9434-DDAFF788181A}
		{E5D97C97-708B-4C33-A5DA-ED6CF16E5A85} = {E8880C1D-8C06-46B0-8C0D-345FE94FC2A3}
		{7EFDC4B0-F8A4-41E7-89C8-4811BAC5EEFB} = {E8880C1D-8C06-46B0-8C0D-345FE94FC2A3}
		{BEE04F82-38FB-4BB2-AB48-A73AD0104142} = {1325D29E-D42F-423F-A6AC-5E880BE2AB68}
		{73429222-5209-49B8-96CB-F20FFFE3F3B1} = {E2B9833C-0397-4FAF-A3A8-116E58749750}
		{35A74002-AD33-4516-AFA6-D67D8A272EDE} = {73429222-5209-49B8-96CB-F20FFFE3F3B1}
		{6EDDCF08-5026-4E87-BF3C-0128A80C2FE9} = {73429222-5209-49B8-96CB-F20FFFE3F3B1}
		{7FE91F38-E133-4F58-9852-BCB6A15A82D1} = {E2B9833C-0397-4FAF-A3A8-116E58749750}
		{A9442EA6-7567-4F1A-86E8-289DF51C9695} = {7FE91F38-E133-4F58-9852-BCB6A15A82D1}
		{1BC041D3-F70D-4906-BA8F-49DB4FB7AEF0} = {7FE91F38-E133-4F58-9852-BCB6A15A82D1}
		{674D7125-B893-45FA-94D8-8CE0946578A5} = {E2B9833C-0397-4FAF-A3A8-116E58749750}
		{6217F9EB-35EE-4E36-BF29-B1E49CEDC5A5} = {674D7125-B893-45FA-94D8-8CE0946578A5}
		{CD001ADE-7B22-4325-9B3C-5C7D3B812797} = {E2B9833C-0397-4FAF-A3A8-116E58749750}
		{15D318BC-3954-4B32-B72A-B0FC97048EB3} = {CD001ADE-7B22-4325-9B3C-5C7D3B812797}
		{6622DE9C-A23A-44E6-B661-EC784CE6C75C} = {96CCA968-1CE4-4DAB-9495-F8BA1249ADCD}
		{E6A4D04E-CC83-4F24-89B4-04F3EF61715F} = {96CCA968-1CE4-4DAB-9495-F8BA1249ADCD}
		{1434F398-ACFA-47F4-8978-70E698D03684} = {E2B9833C-0397-4FAF-A3A8-116E58749750}
		{58026C3B-69DC-49EA-BD6E-032E27AA44E7} = {1434F398-ACFA-47F4-8978-70E698D03684}
		{F3A3A951-F83E-4072-92D7-A7D8C75CF9F0} = {1434F398-ACFA-47F4-8978-70E698D03684}
		{5FF0458E-0E77-4934-B170-ED05CAE3DFDA} = {CD001ADE-7B22-4325-9B3C-5C7D3B812797}
		{97A6B334-EB72-4B7E-A4EA-2073604DD94B} = {E2B9833C-0397-4FAF-A3A8-116E58749750}
		{EF25353F-C816-4197-8E33-623600AC5A4F} = {97A6B334-EB72-4B7E-A4EA-2073604DD94B}
		{44851579-7483-444F-BA01-E6D5427FFBFC} = {97A6B334-EB72-4B7E-A4EA-2073604DD94B}
		{7CA5B2C7-37ED-47CA-92F2-E599370F0DCB} = {E2B9833C-0397-4FAF-A3A8-116E58749750}
		{35D833D5-24A4-449E-815E-8A31077E6B37} = {7CA5B2C7-37ED-47CA-92F2-E599370F0DCB}
		{FD0A56AD-AFB4-4A21-99C1-9BE5D074EB56} = {5DEC2707-DD62-4DCD-AC5D-6670AC2A1B01}
		{5DEC2707-DD62-4DCD-AC5D-6670AC2A1B01} = {E2B9833C-0397-4FAF-A3A8-116E58749750}
		{1F6C3FD4-959B-4A6E-ACCA-C0466149EC05} = {A23BD019-BE70-42D5-9DD4-A79DEDDE54F4}
		{F5B1B04A-F72B-44D2-8B25-BB3717146D00} = {1F6C3FD4-959B-4A6E-ACCA-C0466149EC05}
		{EFD4C813-47A1-4B40-8A23-D660B82B8938} = {1F6C3FD4-959B-4A6E-ACCA-C0466149EC05}
		{2DFDBF23-50E2-41DB-B2D5-CB2CC46D8C3B} = {E2B9833C-0397-4FAF-A3A8-116E58749750}
		{90BC5243-139D-4CB2-8B68-3794070C1955} = {2DFDBF23-50E2-41DB-B2D5-CB2CC46D8C3B}
		{20D58A8D-DB93-47AC-956B-9EB89EA75928} = {23506EB8-1B27-4FD0-B570-2F5EF2C33034}
		{EFFC19CE-9519-492D-A5CC-E1C90EB410E0} = {1325D29E-D42F-423F-A6AC-5E880BE2AB68}
		{FCD9A4CB-C70A-499F-8179-A50836B809D6} = {FC28B45D-2604-4F4C-BC3E-F2301EDB3469}
		{F78D9189-24B8-4403-89D2-7FBBB5D83556} = {FC28B45D-2604-4F4C-BC3E-F2301EDB3469}
		{BD9AF0B6-15C5-4365-9B78-6EF0C9CC3E2F} = {7A2A589D-F8EF-4744-9BEE-B06A5F109851}
	EndGlobalSection
	GlobalSection(ExtensibilityGlobals) = postSolution
		SolutionGuid = {5C00D0F1-6138-4ED9-846B-97E43D6DFF1C}
	EndGlobalSection
EndGlobal
